// !$*UTF8*$!
{
	archiveVersion = 1;
	classes = {
	};
	objectVersion = 46;
	objects = {

/* Begin PBXBuildFile section */
		CE695E551CA92952008B464C /* SplashViewController.swift in Sources */ = {isa = PBXBuildFile; fileRef = CE695E541CA92952008B464C /* SplashViewController.swift */; };
		CEBB7B2A1CA913B5008ECDF1 /* AppDelegate.swift in Sources */ = {isa = PBXBuildFile; fileRef = CEBB7B291CA913B5008ECDF1 /* AppDelegate.swift */; };
		CEBB7B2C1CA913B5008ECDF1 /* MainController.swift in Sources */ = {isa = PBXBuildFile; fileRef = CEBB7B2B1CA913B5008ECDF1 /* MainController.swift */; };
		CEBB7B2F1CA913B5008ECDF1 /* Main.storyboard in Resources */ = {isa = PBXBuildFile; fileRef = CEBB7B2D1CA913B5008ECDF1 /* Main.storyboard */; };
		CEBB7B311CA913B5008ECDF1 /* Assets.xcassets in Resources */ = {isa = PBXBuildFile; fileRef = CEBB7B301CA913B5008ECDF1 /* Assets.xcassets */; };
		CEBB7B341CA913B5008ECDF1 /* LaunchScreen.storyboard in Resources */ = {isa = PBXBuildFile; fileRef = CEBB7B321CA913B5008ECDF1 /* LaunchScreen.storyboard */; };
		CEBB7B3F1CA913B5008ECDF1 /* BeyyogluApplicationTests.swift in Sources */ = {isa = PBXBuildFile; fileRef = CEBB7B3E1CA913B5008ECDF1 /* BeyyogluApplicationTests.swift */; };
		CEBB7B4A1CA913B5008ECDF1 /* BeyyogluApplicationUITests.swift in Sources */ = {isa = PBXBuildFile; fileRef = CEBB7B491CA913B5008ECDF1 /* BeyyogluApplicationUITests.swift */; };
		CEBB7B581CA91496008ECDF1 /* Product.swift in Sources */ = {isa = PBXBuildFile; fileRef = CEBB7B571CA91496008ECDF1 /* Product.swift */; };
		CEBB7B5A1CA915B0008ECDF1 /* Category.swift in Sources */ = {isa = PBXBuildFile; fileRef = CEBB7B591CA915B0008ECDF1 /* Category.swift */; };
		CEBB7B5C1CA91690008ECDF1 /* Shop_Product.swift in Sources */ = {isa = PBXBuildFile; fileRef = CEBB7B5B1CA91690008ECDF1 /* Shop_Product.swift */; };
		CEBB7B5E1CA916B4008ECDF1 /* Shop.swift in Sources */ = {isa = PBXBuildFile; fileRef = CEBB7B5D1CA916B4008ECDF1 /* Shop.swift */; };
		CEBB7B601CA92301008ECDF1 /* FlowController.swift in Sources */ = {isa = PBXBuildFile; fileRef = CEBB7B5F1CA92301008ECDF1 /* FlowController.swift */; };
		CEBB7B621CA9234E008ECDF1 /* DetailController.swift in Sources */ = {isa = PBXBuildFile; fileRef = CEBB7B611CA9234E008ECDF1 /* DetailController.swift */; };
		CEBB7B641CA92387008ECDF1 /* ShopStockController.swift in Sources */ = {isa = PBXBuildFile; fileRef = CEBB7B631CA92387008ECDF1 /* ShopStockController.swift */; };
		CEEA287B1CADAB610067E557 /* SolTarafViewController.swift in Sources */ = {isa = PBXBuildFile; fileRef = CEEA287A1CADAB610067E557 /* SolTarafViewController.swift */; };
		CEEDEE411CABCF9B000B836D /* MMDrawerBarButtonItem.m in Sources */ = {isa = PBXBuildFile; fileRef = CEEDEE391CABCF9B000B836D /* MMDrawerBarButtonItem.m */; };
		CEEDEE421CABCF9B000B836D /* MMDrawerController.m in Sources */ = {isa = PBXBuildFile; fileRef = CEEDEE3B1CABCF9B000B836D /* MMDrawerController.m */; };
		CEEDEE431CABCF9B000B836D /* MMDrawerVisualState.m in Sources */ = {isa = PBXBuildFile; fileRef = CEEDEE3E1CABCF9B000B836D /* MMDrawerVisualState.m */; };
		CEEDEE441CABCF9B000B836D /* UIViewController+MMDrawerController.m in Sources */ = {isa = PBXBuildFile; fileRef = CEEDEE401CABCF9B000B836D /* UIViewController+MMDrawerController.m */; };
/* End PBXBuildFile section */

/* Begin PBXContainerItemProxy section */
		CEBB7B3B1CA913B5008ECDF1 /* PBXContainerItemProxy */ = {
			isa = PBXContainerItemProxy;
			containerPortal = CEBB7B1E1CA913B5008ECDF1 /* Project object */;
			proxyType = 1;
			remoteGlobalIDString = CEBB7B251CA913B5008ECDF1;
			remoteInfo = BeyyogluApplication;
		};
		CEBB7B461CA913B5008ECDF1 /* PBXContainerItemProxy */ = {
			isa = PBXContainerItemProxy;
			containerPortal = CEBB7B1E1CA913B5008ECDF1 /* Project object */;
			proxyType = 1;
			remoteGlobalIDString = CEBB7B251CA913B5008ECDF1;
			remoteInfo = BeyyogluApplication;
		};
/* End PBXContainerItemProxy section */

/* Begin PBXFileReference section */
		CE695E541CA92952008B464C /* SplashViewController.swift */ = {isa = PBXFileReference; fileEncoding = 4; lastKnownFileType = sourcecode.swift; path = SplashViewController.swift; sourceTree = "<group>"; };
		CEBB7B261CA913B5008ECDF1 /* BeyyogluApplication.app */ = {isa = PBXFileReference; explicitFileType = wrapper.application; includeInIndex = 0; path = BeyyogluApplication.app; sourceTree = BUILT_PRODUCTS_DIR; };
		CEBB7B291CA913B5008ECDF1 /* AppDelegate.swift */ = {isa = PBXFileReference; lastKnownFileType = sourcecode.swift; path = AppDelegate.swift; sourceTree = "<group>"; };
		CEBB7B2B1CA913B5008ECDF1 /* MainController.swift */ = {isa = PBXFileReference; lastKnownFileType = sourcecode.swift; path = MainController.swift; sourceTree = "<group>"; };
		CEBB7B2E1CA913B5008ECDF1 /* Base */ = {isa = PBXFileReference; lastKnownFileType = file.storyboard; name = Base; path = Base.lproj/Main.storyboard; sourceTree = "<group>"; };
		CEBB7B301CA913B5008ECDF1 /* Assets.xcassets */ = {isa = PBXFileReference; lastKnownFileType = folder.assetcatalog; path = Assets.xcassets; sourceTree = "<group>"; };
		CEBB7B331CA913B5008ECDF1 /* Base */ = {isa = PBXFileReference; lastKnownFileType = file.storyboard; name = Base; path = Base.lproj/LaunchScreen.storyboard; sourceTree = "<group>"; };
		CEBB7B351CA913B5008ECDF1 /* Info.plist */ = {isa = PBXFileReference; lastKnownFileType = text.plist.xml; path = Info.plist; sourceTree = "<group>"; };
		CEBB7B3A1CA913B5008ECDF1 /* BeyyogluApplicationTests.xctest */ = {isa = PBXFileReference; explicitFileType = wrapper.cfbundle; includeInIndex = 0; path = BeyyogluApplicationTests.xctest; sourceTree = BUILT_PRODUCTS_DIR; };
		CEBB7B3E1CA913B5008ECDF1 /* BeyyogluApplicationTests.swift */ = {isa = PBXFileReference; lastKnownFileType = sourcecode.swift; path = BeyyogluApplicationTests.swift; sourceTree = "<group>"; };
		CEBB7B401CA913B5008ECDF1 /* Info.plist */ = {isa = PBXFileReference; lastKnownFileType = text.plist.xml; path = Info.plist; sourceTree = "<group>"; };
		CEBB7B451CA913B5008ECDF1 /* BeyyogluApplicationUITests.xctest */ = {isa = PBXFileReference; explicitFileType = wrapper.cfbundle; includeInIndex = 0; path = BeyyogluApplicationUITests.xctest; sourceTree = BUILT_PRODUCTS_DIR; };
		CEBB7B491CA913B5008ECDF1 /* BeyyogluApplicationUITests.swift */ = {isa = PBXFileReference; lastKnownFileType = sourcecode.swift; path = BeyyogluApplicationUITests.swift; sourceTree = "<group>"; };
		CEBB7B4B1CA913B5008ECDF1 /* Info.plist */ = {isa = PBXFileReference; lastKnownFileType = text.plist.xml; path = Info.plist; sourceTree = "<group>"; };
		CEBB7B571CA91496008ECDF1 /* Product.swift */ = {isa = PBXFileReference; fileEncoding = 4; lastKnownFileType = sourcecode.swift; path = Product.swift; sourceTree = "<group>"; };
		CEBB7B591CA915B0008ECDF1 /* Category.swift */ = {isa = PBXFileReference; fileEncoding = 4; lastKnownFileType = sourcecode.swift; path = Category.swift; sourceTree = "<group>"; };
		CEBB7B5B1CA91690008ECDF1 /* Shop_Product.swift */ = {isa = PBXFileReference; fileEncoding = 4; lastKnownFileType = sourcecode.swift; path = Shop_Product.swift; sourceTree = "<group>"; };
		CEBB7B5D1CA916B4008ECDF1 /* Shop.swift */ = {isa = PBXFileReference; fileEncoding = 4; lastKnownFileType = sourcecode.swift; path = Shop.swift; sourceTree = "<group>"; };
		CEBB7B5F1CA92301008ECDF1 /* FlowController.swift */ = {isa = PBXFileReference; fileEncoding = 4; lastKnownFileType = sourcecode.swift; path = FlowController.swift; sourceTree = "<group>"; };
		CEBB7B611CA9234E008ECDF1 /* DetailController.swift */ = {isa = PBXFileReference; fileEncoding = 4; lastKnownFileType = sourcecode.swift; path = DetailController.swift; sourceTree = "<group>"; };
		CEBB7B631CA92387008ECDF1 /* ShopStockController.swift */ = {isa = PBXFileReference; fileEncoding = 4; lastKnownFileType = sourcecode.swift; path = ShopStockController.swift; sourceTree = "<group>"; };
		CEEA287A1CADAB610067E557 /* SolTarafViewController.swift */ = {isa = PBXFileReference; fileEncoding = 4; lastKnownFileType = sourcecode.swift; path = SolTarafViewController.swift; sourceTree = "<group>"; };
		CEEDEE381CABCF9B000B836D /* MMDrawerBarButtonItem.h */ = {isa = PBXFileReference; fileEncoding = 4; lastKnownFileType = sourcecode.c.h; path = MMDrawerBarButtonItem.h; sourceTree = "<group>"; };
		CEEDEE391CABCF9B000B836D /* MMDrawerBarButtonItem.m */ = {isa = PBXFileReference; fileEncoding = 4; lastKnownFileType = sourcecode.c.objc; path = MMDrawerBarButtonItem.m; sourceTree = "<group>"; };
		CEEDEE3A1CABCF9B000B836D /* MMDrawerController.h */ = {isa = PBXFileReference; fileEncoding = 4; lastKnownFileType = sourcecode.c.h; path = MMDrawerController.h; sourceTree = "<group>"; };
		CEEDEE3B1CABCF9B000B836D /* MMDrawerController.m */ = {isa = PBXFileReference; fileEncoding = 4; lastKnownFileType = sourcecode.c.objc; path = MMDrawerController.m; sourceTree = "<group>"; };
		CEEDEE3C1CABCF9B000B836D /* MMDrawerController+Subclass.h */ = {isa = PBXFileReference; fileEncoding = 4; lastKnownFileType = sourcecode.c.h; path = "MMDrawerController+Subclass.h"; sourceTree = "<group>"; };
		CEEDEE3D1CABCF9B000B836D /* MMDrawerVisualState.h */ = {isa = PBXFileReference; fileEncoding = 4; lastKnownFileType = sourcecode.c.h; path = MMDrawerVisualState.h; sourceTree = "<group>"; };
		CEEDEE3E1CABCF9B000B836D /* MMDrawerVisualState.m */ = {isa = PBXFileReference; fileEncoding = 4; lastKnownFileType = sourcecode.c.objc; path = MMDrawerVisualState.m; sourceTree = "<group>"; };
		CEEDEE3F1CABCF9B000B836D /* UIViewController+MMDrawerController.h */ = {isa = PBXFileReference; fileEncoding = 4; lastKnownFileType = sourcecode.c.h; path = "UIViewController+MMDrawerController.h"; sourceTree = "<group>"; };
		CEEDEE401CABCF9B000B836D /* UIViewController+MMDrawerController.m */ = {isa = PBXFileReference; fileEncoding = 4; lastKnownFileType = sourcecode.c.objc; path = "UIViewController+MMDrawerController.m"; sourceTree = "<group>"; };
		CEEDEE451CABCFC7000B836D /* BeyyogluApplication-Bridging-Header.h */ = {isa = PBXFileReference; lastKnownFileType = sourcecode.c.h; path = "BeyyogluApplication-Bridging-Header.h"; sourceTree = "<group>"; };
/* End PBXFileReference section */

/* Begin PBXFrameworksBuildPhase section */
		CEBB7B231CA913B5008ECDF1 /* Frameworks */ = {
			isa = PBXFrameworksBuildPhase;
			buildActionMask = 2147483647;
			files = (
			);
			runOnlyForDeploymentPostprocessing = 0;
		};
		CEBB7B371CA913B5008ECDF1 /* Frameworks */ = {
			isa = PBXFrameworksBuildPhase;
			buildActionMask = 2147483647;
			files = (
			);
			runOnlyForDeploymentPostprocessing = 0;
		};
		CEBB7B421CA913B5008ECDF1 /* Frameworks */ = {
			isa = PBXFrameworksBuildPhase;
			buildActionMask = 2147483647;
			files = (
			);
			runOnlyForDeploymentPostprocessing = 0;
		};
/* End PBXFrameworksBuildPhase section */

/* Begin PBXGroup section */
		CEBB7B1D1CA913B5008ECDF1 = {
			isa = PBXGroup;
			children = (
				CEBB7B281CA913B5008ECDF1 /* BeyyogluApplication */,
				CEBB7B3D1CA913B5008ECDF1 /* BeyyogluApplicationTests */,
				CEBB7B481CA913B5008ECDF1 /* BeyyogluApplicationUITests */,
				CEBB7B271CA913B5008ECDF1 /* Products */,
			);
			sourceTree = "<group>";
		};
		CEBB7B271CA913B5008ECDF1 /* Products */ = {
			isa = PBXGroup;
			children = (
				CEBB7B261CA913B5008ECDF1 /* BeyyogluApplication.app */,
				CEBB7B3A1CA913B5008ECDF1 /* BeyyogluApplicationTests.xctest */,
				CEBB7B451CA913B5008ECDF1 /* BeyyogluApplicationUITests.xctest */,
			);
			name = Products;
			sourceTree = "<group>";
		};
		CEBB7B281CA913B5008ECDF1 /* BeyyogluApplication */ = {
			isa = PBXGroup;
			children = (
				CEEDEE461CABD01F000B836D /* SideMenuDelegates */,
				CEBB7B291CA913B5008ECDF1 /* AppDelegate.swift */,
				CEBB7B2B1CA913B5008ECDF1 /* MainController.swift */,
				CEEA287A1CADAB610067E557 /* SolTarafViewController.swift */,
				CEBB7B5F1CA92301008ECDF1 /* FlowController.swift */,
				CEBB7B611CA9234E008ECDF1 /* DetailController.swift */,
				CEBB7B631CA92387008ECDF1 /* ShopStockController.swift */,
				CE695E541CA92952008B464C /* SplashViewController.swift */,
				CEBB7B571CA91496008ECDF1 /* Product.swift */,
				CEBB7B5D1CA916B4008ECDF1 /* Shop.swift */,
				CEBB7B5B1CA91690008ECDF1 /* Shop_Product.swift */,
				CEBB7B591CA915B0008ECDF1 /* Category.swift */,
				CEBB7B2D1CA913B5008ECDF1 /* Main.storyboard */,
				CEBB7B301CA913B5008ECDF1 /* Assets.xcassets */,
				CEBB7B321CA913B5008ECDF1 /* LaunchScreen.storyboard */,
				CEBB7B351CA913B5008ECDF1 /* Info.plist */,
			);
			path = BeyyogluApplication;
			sourceTree = "<group>";
		};
		CEBB7B3D1CA913B5008ECDF1 /* BeyyogluApplicationTests */ = {
			isa = PBXGroup;
			children = (
				CEBB7B3E1CA913B5008ECDF1 /* BeyyogluApplicationTests.swift */,
				CEBB7B401CA913B5008ECDF1 /* Info.plist */,
			);
			path = BeyyogluApplicationTests;
			sourceTree = "<group>";
		};
		CEBB7B481CA913B5008ECDF1 /* BeyyogluApplicationUITests */ = {
			isa = PBXGroup;
			children = (
				CEBB7B491CA913B5008ECDF1 /* BeyyogluApplicationUITests.swift */,
				CEBB7B4B1CA913B5008ECDF1 /* Info.plist */,
			);
			path = BeyyogluApplicationUITests;
			sourceTree = "<group>";
		};
		CEEDEE461CABD01F000B836D /* SideMenuDelegates */ = {
			isa = PBXGroup;
			children = (
				CEEDEE381CABCF9B000B836D /* MMDrawerBarButtonItem.h */,
				CEEDEE451CABCFC7000B836D /* BeyyogluApplication-Bridging-Header.h */,
				CEEDEE391CABCF9B000B836D /* MMDrawerBarButtonItem.m */,
				CEEDEE3A1CABCF9B000B836D /* MMDrawerController.h */,
				CEEDEE3B1CABCF9B000B836D /* MMDrawerController.m */,
				CEEDEE3C1CABCF9B000B836D /* MMDrawerController+Subclass.h */,
				CEEDEE3D1CABCF9B000B836D /* MMDrawerVisualState.h */,
				CEEDEE3E1CABCF9B000B836D /* MMDrawerVisualState.m */,
				CEEDEE3F1CABCF9B000B836D /* UIViewController+MMDrawerController.h */,
				CEEDEE401CABCF9B000B836D /* UIViewController+MMDrawerController.m */,
			);
			name = SideMenuDelegates;
			sourceTree = "<group>";
		};
/* End PBXGroup section */

/* Begin PBXNativeTarget section */
		CEBB7B251CA913B5008ECDF1 /* BeyyogluApplication */ = {
			isa = PBXNativeTarget;
			buildConfigurationList = CEBB7B4E1CA913B5008ECDF1 /* Build configuration list for PBXNativeTarget "BeyyogluApplication" */;
			buildPhases = (
				CEBB7B221CA913B5008ECDF1 /* Sources */,
				CEBB7B231CA913B5008ECDF1 /* Frameworks */,
				CEBB7B241CA913B5008ECDF1 /* Resources */,
			);
			buildRules = (
			);
			dependencies = (
			);
			name = BeyyogluApplication;
			productName = BeyyogluApplication;
			productReference = CEBB7B261CA913B5008ECDF1 /* BeyyogluApplication.app */;
			productType = "com.apple.product-type.application";
		};
		CEBB7B391CA913B5008ECDF1 /* BeyyogluApplicationTests */ = {
			isa = PBXNativeTarget;
			buildConfigurationList = CEBB7B511CA913B5008ECDF1 /* Build configuration list for PBXNativeTarget "BeyyogluApplicationTests" */;
			buildPhases = (
				CEBB7B361CA913B5008ECDF1 /* Sources */,
				CEBB7B371CA913B5008ECDF1 /* Frameworks */,
				CEBB7B381CA913B5008ECDF1 /* Resources */,
			);
			buildRules = (
			);
			dependencies = (
				CEBB7B3C1CA913B5008ECDF1 /* PBXTargetDependency */,
			);
			name = BeyyogluApplicationTests;
			productName = BeyyogluApplicationTests;
			productReference = CEBB7B3A1CA913B5008ECDF1 /* BeyyogluApplicationTests.xctest */;
			productType = "com.apple.product-type.bundle.unit-test";
		};
		CEBB7B441CA913B5008ECDF1 /* BeyyogluApplicationUITests */ = {
			isa = PBXNativeTarget;
			buildConfigurationList = CEBB7B541CA913B5008ECDF1 /* Build configuration list for PBXNativeTarget "BeyyogluApplicationUITests" */;
			buildPhases = (
				CEBB7B411CA913B5008ECDF1 /* Sources */,
				CEBB7B421CA913B5008ECDF1 /* Frameworks */,
				CEBB7B431CA913B5008ECDF1 /* Resources */,
			);
			buildRules = (
			);
			dependencies = (
				CEBB7B471CA913B5008ECDF1 /* PBXTargetDependency */,
			);
			name = BeyyogluApplicationUITests;
			productName = BeyyogluApplicationUITests;
			productReference = CEBB7B451CA913B5008ECDF1 /* BeyyogluApplicationUITests.xctest */;
			productType = "com.apple.product-type.bundle.ui-testing";
		};
/* End PBXNativeTarget section */

/* Begin PBXProject section */
		CEBB7B1E1CA913B5008ECDF1 /* Project object */ = {
			isa = PBXProject;
			attributes = {
				LastSwiftUpdateCheck = 0720;
				LastUpgradeCheck = 0720;
				ORGANIZATIONNAME = "Sonat Ugur";
				TargetAttributes = {
					CEBB7B251CA913B5008ECDF1 = {
						CreatedOnToolsVersion = 7.2.1;
						DevelopmentTeam = 23E96B8FEW;
					};
					CEBB7B391CA913B5008ECDF1 = {
						CreatedOnToolsVersion = 7.2.1;
						DevelopmentTeam = 23E96B8FEW;
						TestTargetID = CEBB7B251CA913B5008ECDF1;
					};
					CEBB7B441CA913B5008ECDF1 = {
						CreatedOnToolsVersion = 7.2.1;
						DevelopmentTeam = 23E96B8FEW;
						TestTargetID = CEBB7B251CA913B5008ECDF1;
					};
				};
			};
			buildConfigurationList = CEBB7B211CA913B5008ECDF1 /* Build configuration list for PBXProject "BeyyogluApplication" */;
			compatibilityVersion = "Xcode 3.2";
			developmentRegion = English;
			hasScannedForEncodings = 0;
			knownRegions = (
				en,
				Base,
			);
			mainGroup = CEBB7B1D1CA913B5008ECDF1;
			productRefGroup = CEBB7B271CA913B5008ECDF1 /* Products */;
			projectDirPath = "";
			projectRoot = "";
			targets = (
				CEBB7B251CA913B5008ECDF1 /* BeyyogluApplication */,
				CEBB7B391CA913B5008ECDF1 /* BeyyogluApplicationTests */,
				CEBB7B441CA913B5008ECDF1 /* BeyyogluApplicationUITests */,
			);
		};
/* End PBXProject section */

/* Begin PBXResourcesBuildPhase section */
		CEBB7B241CA913B5008ECDF1 /* Resources */ = {
			isa = PBXResourcesBuildPhase;
			buildActionMask = 2147483647;
			files = (
				CEBB7B341CA913B5008ECDF1 /* LaunchScreen.storyboard in Resources */,
				CEBB7B311CA913B5008ECDF1 /* Assets.xcassets in Resources */,
				CEBB7B2F1CA913B5008ECDF1 /* Main.storyboard in Resources */,
			);
			runOnlyForDeploymentPostprocessing = 0;
		};
		CEBB7B381CA913B5008ECDF1 /* Resources */ = {
			isa = PBXResourcesBuildPhase;
			buildActionMask = 2147483647;
			files = (
			);
			runOnlyForDeploymentPostprocessing = 0;
		};
		CEBB7B431CA913B5008ECDF1 /* Resources */ = {
			isa = PBXResourcesBuildPhase;
			buildActionMask = 2147483647;
			files = (
			);
			runOnlyForDeploymentPostprocessing = 0;
		};
/* End PBXResourcesBuildPhase section */

/* Begin PBXSourcesBuildPhase section */
		CEBB7B221CA913B5008ECDF1 /* Sources */ = {
			isa = PBXSourcesBuildPhase;
			buildActionMask = 2147483647;
			files = (
				CEEDEE421CABCF9B000B836D /* MMDrawerController.m in Sources */,
				CEBB7B621CA9234E008ECDF1 /* DetailController.swift in Sources */,
				CEEDEE431CABCF9B000B836D /* MMDrawerVisualState.m in Sources */,
				CEBB7B601CA92301008ECDF1 /* FlowController.swift in Sources */,
				CEBB7B2C1CA913B5008ECDF1 /* MainController.swift in Sources */,
				CEEA287B1CADAB610067E557 /* SolTarafViewController.swift in Sources */,
				CEEDEE441CABCF9B000B836D /* UIViewController+MMDrawerController.m in Sources */,
				CEBB7B2A1CA913B5008ECDF1 /* AppDelegate.swift in Sources */,
				CEBB7B581CA91496008ECDF1 /* Product.swift in Sources */,
				CEBB7B5E1CA916B4008ECDF1 /* Shop.swift in Sources */,
				CEBB7B5A1CA915B0008ECDF1 /* Category.swift in Sources */,
				CEBB7B641CA92387008ECDF1 /* ShopStockController.swift in Sources */,
				CEBB7B5C1CA91690008ECDF1 /* Shop_Product.swift in Sources */,
				CE695E551CA92952008B464C /* SplashViewController.swift in Sources */,
				CEEDEE411CABCF9B000B836D /* MMDrawerBarButtonItem.m in Sources */,
			);
			runOnlyForDeploymentPostprocessing = 0;
		};
		CEBB7B361CA913B5008ECDF1 /* Sources */ = {
			isa = PBXSourcesBuildPhase;
			buildActionMask = 2147483647;
			files = (
				CEBB7B3F1CA913B5008ECDF1 /* BeyyogluApplicationTests.swift in Sources */,
			);
			runOnlyForDeploymentPostprocessing = 0;
		};
		CEBB7B411CA913B5008ECDF1 /* Sources */ = {
			isa = PBXSourcesBuildPhase;
			buildActionMask = 2147483647;
			files = (
				CEBB7B4A1CA913B5008ECDF1 /* BeyyogluApplicationUITests.swift in Sources */,
			);
			runOnlyForDeploymentPostprocessing = 0;
		};
/* End PBXSourcesBuildPhase section */

/* Begin PBXTargetDependency section */
		CEBB7B3C1CA913B5008ECDF1 /* PBXTargetDependency */ = {
			isa = PBXTargetDependency;
			target = CEBB7B251CA913B5008ECDF1 /* BeyyogluApplication */;
			targetProxy = CEBB7B3B1CA913B5008ECDF1 /* PBXContainerItemProxy */;
		};
		CEBB7B471CA913B5008ECDF1 /* PBXTargetDependency */ = {
			isa = PBXTargetDependency;
			target = CEBB7B251CA913B5008ECDF1 /* BeyyogluApplication */;
			targetProxy = CEBB7B461CA913B5008ECDF1 /* PBXContainerItemProxy */;
		};
/* End PBXTargetDependency section */

/* Begin PBXVariantGroup section */
		CEBB7B2D1CA913B5008ECDF1 /* Main.storyboard */ = {
			isa = PBXVariantGroup;
			children = (
				CEBB7B2E1CA913B5008ECDF1 /* Base */,
			);
			name = Main.storyboard;
			sourceTree = "<group>";
		};
		CEBB7B321CA913B5008ECDF1 /* LaunchScreen.storyboard */ = {
			isa = PBXVariantGroup;
			children = (
				CEBB7B331CA913B5008ECDF1 /* Base */,
			);
			name = LaunchScreen.storyboard;
			sourceTree = "<group>";
		};
/* End PBXVariantGroup section */

/* Begin XCBuildConfiguration section */
		CEBB7B4C1CA913B5008ECDF1 /* Debug */ = {
			isa = XCBuildConfiguration;
			buildSettings = {
				ALWAYS_SEARCH_USER_PATHS = NO;
				CLANG_CXX_LANGUAGE_STANDARD = "gnu++0x";
				CLANG_CXX_LIBRARY = "libc++";
				CLANG_ENABLE_MODULES = YES;
				CLANG_ENABLE_OBJC_ARC = YES;
				CLANG_WARN_BOOL_CONVERSION = YES;
				CLANG_WARN_CONSTANT_CONVERSION = YES;
				CLANG_WARN_DIRECT_OBJC_ISA_USAGE = YES_ERROR;
				CLANG_WARN_EMPTY_BODY = YES;
				CLANG_WARN_ENUM_CONVERSION = YES;
				CLANG_WARN_INT_CONVERSION = YES;
				CLANG_WARN_OBJC_ROOT_CLASS = YES_ERROR;
				CLANG_WARN_UNREACHABLE_CODE = YES;
				CLANG_WARN__DUPLICATE_METHOD_MATCH = YES;
				"CODE_SIGN_IDENTITY[sdk=iphoneos*]" = "iPhone Developer";
				COPY_PHASE_STRIP = NO;
				DEBUG_INFORMATION_FORMAT = dwarf;
				ENABLE_STRICT_OBJC_MSGSEND = YES;
				ENABLE_TESTABILITY = YES;
				GCC_C_LANGUAGE_STANDARD = gnu99;
				GCC_DYNAMIC_NO_PIC = NO;
				GCC_NO_COMMON_BLOCKS = YES;
				GCC_OPTIMIZATION_LEVEL = 0;
				GCC_PREPROCESSOR_DEFINITIONS = (
					"DEBUG=1",
					"$(inherited)",
				);
				GCC_WARN_64_TO_32_BIT_CONVERSION = YES;
				GCC_WARN_ABOUT_RETURN_TYPE = YES_ERROR;
				GCC_WARN_UNDECLARED_SELECTOR = YES;
				GCC_WARN_UNINITIALIZED_AUTOS = YES_AGGRESSIVE;
				GCC_WARN_UNUSED_FUNCTION = YES;
				GCC_WARN_UNUSED_VARIABLE = YES;
				IPHONEOS_DEPLOYMENT_TARGET = 9.2;
				MTL_ENABLE_DEBUG_INFO = YES;
				ONLY_ACTIVE_ARCH = YES;
				SDKROOT = iphoneos;
				SWIFT_OPTIMIZATION_LEVEL = "-Onone";
			};
			name = Debug;
		};
		CEBB7B4D1CA913B5008ECDF1 /* Release */ = {
			isa = XCBuildConfiguration;
			buildSettings = {
				ALWAYS_SEARCH_USER_PATHS = NO;
				CLANG_CXX_LANGUAGE_STANDARD = "gnu++0x";
				CLANG_CXX_LIBRARY = "libc++";
				CLANG_ENABLE_MODULES = YES;
				CLANG_ENABLE_OBJC_ARC = YES;
				CLANG_WARN_BOOL_CONVERSION = YES;
				CLANG_WARN_CONSTANT_CONVERSION = YES;
				CLANG_WARN_DIRECT_OBJC_ISA_USAGE = YES_ERROR;
				CLANG_WARN_EMPTY_BODY = YES;
				CLANG_WARN_ENUM_CONVERSION = YES;
				CLANG_WARN_INT_CONVERSION = YES;
				CLANG_WARN_OBJC_ROOT_CLASS = YES_ERROR;
				CLANG_WARN_UNREACHABLE_CODE = YES;
				CLANG_WARN__DUPLICATE_METHOD_MATCH = YES;
				"CODE_SIGN_IDENTITY[sdk=iphoneos*]" = "iPhone Developer";
				COPY_PHASE_STRIP = NO;
				DEBUG_INFORMATION_FORMAT = "dwarf-with-dsym";
				ENABLE_NS_ASSERTIONS = NO;
				ENABLE_STRICT_OBJC_MSGSEND = YES;
				GCC_C_LANGUAGE_STANDARD = gnu99;
				GCC_NO_COMMON_BLOCKS = YES;
				GCC_WARN_64_TO_32_BIT_CONVERSION = YES;
				GCC_WARN_ABOUT_RETURN_TYPE = YES_ERROR;
				GCC_WARN_UNDECLARED_SELECTOR = YES;
				GCC_WARN_UNINITIALIZED_AUTOS = YES_AGGRESSIVE;
				GCC_WARN_UNUSED_FUNCTION = YES;
				GCC_WARN_UNUSED_VARIABLE = YES;
				IPHONEOS_DEPLOYMENT_TARGET = 9.2;
				MTL_ENABLE_DEBUG_INFO = NO;
				SDKROOT = iphoneos;
				VALIDATE_PRODUCT = YES;
			};
			name = Release;
		};
		CEBB7B4F1CA913B5008ECDF1 /* Debug */ = {
			isa = XCBuildConfiguration;
			buildSettings = {
				ASSETCATALOG_COMPILER_APPICON_NAME = AppIcon;
				CLANG_ENABLE_MODULES = YES;
				INFOPLIST_FILE = BeyyogluApplication/Info.plist;
				LD_RUNPATH_SEARCH_PATHS = "$(inherited) @executable_path/Frameworks";
				PRODUCT_BUNDLE_IDENTIFIER = com.sonatugur.BeyyogluApplication;
				PRODUCT_NAME = "$(TARGET_NAME)";
				SWIFT_OBJC_BRIDGING_HEADER = "BeyyogluApplication/BeyyogluApplication-Bridging-Header.h";
				SWIFT_OPTIMIZATION_LEVEL = "-Onone";
			};
			name = Debug;
		};
		CEBB7B501CA913B5008ECDF1 /* Release */ = {
			isa = XCBuildConfiguration;
			buildSettings = {
				ASSETCATALOG_COMPILER_APPICON_NAME = AppIcon;
				CLANG_ENABLE_MODULES = YES;
				INFOPLIST_FILE = BeyyogluApplication/Info.plist;
				LD_RUNPATH_SEARCH_PATHS = "$(inherited) @executable_path/Frameworks";
				PRODUCT_BUNDLE_IDENTIFIER = com.sonatugur.BeyyogluApplication;
				PRODUCT_NAME = "$(TARGET_NAME)";
				SWIFT_OBJC_BRIDGING_HEADER = "BeyyogluApplication/BeyyogluApplication-Bridging-Header.h";
			};
			name = Release;
		};
		CEBB7B521CA913B5008ECDF1 /* Debug */ = {
			isa = XCBuildConfiguration;
			buildSettings = {
				BUNDLE_LOADER = "$(TEST_HOST)";
				INFOPLIST_FILE = BeyyogluApplicationTests/Info.plist;
				LD_RUNPATH_SEARCH_PATHS = "$(inherited) @executable_path/Frameworks @loader_path/Frameworks";
				PRODUCT_BUNDLE_IDENTIFIER = com.sonatugur.BeyyogluApplicationTests;
				PRODUCT_NAME = "$(TARGET_NAME)";
				TEST_HOST = "$(BUILT_PRODUCTS_DIR)/BeyyogluApplication.app/BeyyogluApplication";
			};
			name = Debug;
		};
		CEBB7B531CA913B5008ECDF1 /* Release */ = {
			isa = XCBuildConfiguration;
			buildSettings = {
				BUNDLE_LOADER = "$(TEST_HOST)";
				INFOPLIST_FILE = BeyyogluApplicationTests/Info.plist;
				LD_RUNPATH_SEARCH_PATHS = "$(inherited) @executable_path/Frameworks @loader_path/Frameworks";
				PRODUCT_BUNDLE_IDENTIFIER = com.sonatugur.BeyyogluApplicationTests;
				PRODUCT_NAME = "$(TARGET_NAME)";
				TEST_HOST = "$(BUILT_PRODUCTS_DIR)/BeyyogluApplication.app/BeyyogluApplication";
			};
			name = Release;
		};
		CEBB7B551CA913B5008ECDF1 /* Debug */ = {
			isa = XCBuildConfiguration;
			buildSettings = {
				INFOPLIST_FILE = BeyyogluApplicationUITests/Info.plist;
				LD_RUNPATH_SEARCH_PATHS = "$(inherited) @executable_path/Frameworks @loader_path/Frameworks";
				PRODUCT_BUNDLE_IDENTIFIER = com.sonatugur.BeyyogluApplicationUITests;
				PRODUCT_NAME = "$(TARGET_NAME)";
				TEST_TARGET_NAME = BeyyogluApplication;
				USES_XCTRUNNER = YES;
			};
			name = Debug;
		};
		CEBB7B561CA913B5008ECDF1 /* Release */ = {
			isa = XCBuildConfiguration;
			buildSettings = {
				INFOPLIST_FILE = BeyyogluApplicationUITests/Info.plist;
				LD_RUNPATH_SEARCH_PATHS = "$(inherited) @executable_path/Frameworks @loader_path/Frameworks";
				PRODUCT_BUNDLE_IDENTIFIER = com.sonatugur.BeyyogluApplicationUITests;
				PRODUCT_NAME = "$(TARGET_NAME)";
				TEST_TARGET_NAME = BeyyogluApplication;
				USES_XCTRUNNER = YES;
			};
			name = Release;
		};
/* End XCBuildConfiguration section */

/* Begin XCConfigurationList section */
		CEBB7B211CA913B5008ECDF1 /* Build configuration list for PBXProject "BeyyogluApplication" */ = {
			isa = XCConfigurationList;
			buildConfigurations = (
				CEBB7B4C1CA913B5008ECDF1 /* Debug */,
				CEBB7B4D1CA913B5008ECDF1 /* Release */,
			);
			defaultConfigurationIsVisible = 0;
			defaultConfigurationName = Release;
		};
		CEBB7B4E1CA913B5008ECDF1 /* Build configuration list for PBXNativeTarget "BeyyogluApplication" */ = {
			isa = XCConfigurationList;
			buildConfigurations = (
				CEBB7B4F1CA913B5008ECDF1 /* Debug */,
				CEBB7B501CA913B5008ECDF1 /* Release */,
			);
			defaultConfigurationIsVisible = 0;
			defaultConfigurationName = Release;
		};
		CEBB7B511CA913B5008ECDF1 /* Build configuration list for PBXNativeTarget "BeyyogluApplicationTests" */ = {
			isa = XCConfigurationList;
			buildConfigurations = (
				CEBB7B521CA913B5008ECDF1 /* Debug */,
				CEBB7B531CA913B5008ECDF1 /* Release */,
			);
			defaultConfigurationIsVisible = 0;
			defaultConfigurationName = Release;
		};
		CEBB7B541CA913B5008ECDF1 /* Build configuration list for PBXNativeTarget "BeyyogluApplicationUITests" */ = {
			isa = XCConfigurationList;
			buildConfigurations = (
				CEBB7B551CA913B5008ECDF1 /* Debug */,
				CEBB7B561CA913B5008ECDF1 /* Release */,
			);
			defaultConfigurationIsVisible = 0;
			defaultConfigurationName = Release;
		};
/* End XCConfigurationList section */
	};
	rootObject = CEBB7B1E1CA913B5008ECDF1 /* Project object */;
}
